// !$*UTF8*$!
{
	archiveVersion = 1;
	classes = {
	};
	objectVersion = 46;
	objects = {

/* Begin PBXBuildFile section */
		A859BE451D02117E00C1DBD3 /* AppDelegate.swift in Sources */ = {isa = PBXBuildFile; fileRef = A859BE441D02117E00C1DBD3 /* AppDelegate.swift */; };
		A859BE471D02117E00C1DBD3 /* ViewController.swift in Sources */ = {isa = PBXBuildFile; fileRef = A859BE461D02117E00C1DBD3 /* ViewController.swift */; };
		A859BE4A1D02117E00C1DBD3 /* Main.storyboard in Resources */ = {isa = PBXBuildFile; fileRef = A859BE481D02117E00C1DBD3 /* Main.storyboard */; };
		A859BE4D1D02117E00C1DBD3 /* BSD.xcdatamodeld in Sources */ = {isa = PBXBuildFile; fileRef = A859BE4B1D02117E00C1DBD3 /* BSD.xcdatamodeld */; };
		A859BE4F1D02117E00C1DBD3 /* Assets.xcassets in Resources */ = {isa = PBXBuildFile; fileRef = A859BE4E1D02117E00C1DBD3 /* Assets.xcassets */; };
		A859BE521D02117E00C1DBD3 /* LaunchScreen.storyboard in Resources */ = {isa = PBXBuildFile; fileRef = A859BE501D02117E00C1DBD3 /* LaunchScreen.storyboard */; };
		A859BE5D1D02117E00C1DBD3 /* BSDTests.swift in Sources */ = {isa = PBXBuildFile; fileRef = A859BE5C1D02117E00C1DBD3 /* BSDTests.swift */; };
		A859BE681D02117E00C1DBD3 /* BSDUITests.swift in Sources */ = {isa = PBXBuildFile; fileRef = A859BE671D02117E00C1DBD3 /* BSDUITests.swift */; };
/* End PBXBuildFile section */

/* Begin PBXContainerItemProxy section */
		A859BE591D02117E00C1DBD3 /* PBXContainerItemProxy */ = {
			isa = PBXContainerItemProxy;
			containerPortal = A859BE391D02117E00C1DBD3 /* Project object */;
			proxyType = 1;
			remoteGlobalIDString = A859BE401D02117E00C1DBD3;
			remoteInfo = BSD;
		};
		A859BE641D02117E00C1DBD3 /* PBXContainerItemProxy */ = {
			isa = PBXContainerItemProxy;
			containerPortal = A859BE391D02117E00C1DBD3 /* Project object */;
			proxyType = 1;
			remoteGlobalIDString = A859BE401D02117E00C1DBD3;
			remoteInfo = BSD;
		};
/* End PBXContainerItemProxy section */

/* Begin PBXFileReference section */
		A859BE411D02117E00C1DBD3 /* BSD.app */ = {isa = PBXFileReference; explicitFileType = wrapper.application; includeInIndex = 0; path = BSD.app; sourceTree = BUILT_PRODUCTS_DIR; };
		A859BE441D02117E00C1DBD3 /* AppDelegate.swift */ = {isa = PBXFileReference; lastKnownFileType = sourcecode.swift; path = AppDelegate.swift; sourceTree = "<group>"; };
		A859BE461D02117E00C1DBD3 /* ViewController.swift */ = {isa = PBXFileReference; lastKnownFileType = sourcecode.swift; path = ViewController.swift; sourceTree = "<group>"; };
		A859BE491D02117E00C1DBD3 /* Base */ = {isa = PBXFileReference; lastKnownFileType = file.storyboard; name = Base; path = Base.lproj/Main.storyboard; sourceTree = "<group>"; };
		A859BE4C1D02117E00C1DBD3 /* BSD.xcdatamodel */ = {isa = PBXFileReference; lastKnownFileType = wrapper.xcdatamodel; path = BSD.xcdatamodel; sourceTree = "<group>"; };
		A859BE4E1D02117E00C1DBD3 /* Assets.xcassets */ = {isa = PBXFileReference; lastKnownFileType = folder.assetcatalog; path = Assets.xcassets; sourceTree = "<group>"; };
		A859BE511D02117E00C1DBD3 /* Base */ = {isa = PBXFileReference; lastKnownFileType = file.storyboard; name = Base; path = Base.lproj/LaunchScreen.storyboard; sourceTree = "<group>"; };
		A859BE531D02117E00C1DBD3 /* Info.plist */ = {isa = PBXFileReference; lastKnownFileType = text.plist.xml; path = Info.plist; sourceTree = "<group>"; };
		A859BE581D02117E00C1DBD3 /* BSDTests.xctest */ = {isa = PBXFileReference; explicitFileType = wrapper.cfbundle; includeInIndex = 0; path = BSDTests.xctest; sourceTree = BUILT_PRODUCTS_DIR; };
		A859BE5C1D02117E00C1DBD3 /* BSDTests.swift */ = {isa = PBXFileReference; lastKnownFileType = sourcecode.swift; path = BSDTests.swift; sourceTree = "<group>"; };
		A859BE5E1D02117E00C1DBD3 /* Info.plist */ = {isa = PBXFileReference; lastKnownFileType = text.plist.xml; path = Info.plist; sourceTree = "<group>"; };
		A859BE631D02117E00C1DBD3 /* BSDUITests.xctest */ = {isa = PBXFileReference; explicitFileType = wrapper.cfbundle; includeInIndex = 0; path = BSDUITests.xctest; sourceTree = BUILT_PRODUCTS_DIR; };
		A859BE671D02117E00C1DBD3 /* BSDUITests.swift */ = {isa = PBXFileReference; lastKnownFileType = sourcecode.swift; path = BSDUITests.swift; sourceTree = "<group>"; };
		A859BE691D02117E00C1DBD3 /* Info.plist */ = {isa = PBXFileReference; lastKnownFileType = text.plist.xml; path = Info.plist; sourceTree = "<group>"; };
/* End PBXFileReference section */

/* Begin PBXFrameworksBuildPhase section */
		A859BE3E1D02117E00C1DBD3 /* Frameworks */ = {
			isa = PBXFrameworksBuildPhase;
			buildActionMask = 2147483647;
			files = (
			);
			runOnlyForDeploymentPostprocessing = 0;
		};
		A859BE551D02117E00C1DBD3 /* Frameworks */ = {
			isa = PBXFrameworksBuildPhase;
			buildActionMask = 2147483647;
			files = (
			);
			runOnlyForDeploymentPostprocessing = 0;
		};
		A859BE601D02117E00C1DBD3 /* Frameworks */ = {
			isa = PBXFrameworksBuildPhase;
			buildActionMask = 2147483647;
			files = (
			);
			runOnlyForDeploymentPostprocessing = 0;
		};
/* End PBXFrameworksBuildPhase section */

/* Begin PBXGroup section */
		A859BE381D02117E00C1DBD3 = {
			isa = PBXGroup;
			children = (
				A859BE431D02117E00C1DBD3 /* BSD */,
				A859BE5B1D02117E00C1DBD3 /* BSDTests */,
				A859BE661D02117E00C1DBD3 /* BSDUITests */,
				A859BE421D02117E00C1DBD3 /* Products */,
			);
			sourceTree = "<group>";
		};
		A859BE421D02117E00C1DBD3 /* Products */ = {
			isa = PBXGroup;
			children = (
				A859BE411D02117E00C1DBD3 /* BSD.app */,
				A859BE581D02117E00C1DBD3 /* BSDTests.xctest */,
				A859BE631D02117E00C1DBD3 /* BSDUITests.xctest */,
			);
			name = Products;
			sourceTree = "<group>";
		};
		A859BE431D02117E00C1DBD3 /* BSD */ = {
			isa = PBXGroup;
			children = (
				A859BE441D02117E00C1DBD3 /* AppDelegate.swift */,
				A859BE461D02117E00C1DBD3 /* ViewController.swift */,
				A859BE481D02117E00C1DBD3 /* Main.storyboard */,
				A859BE4E1D02117E00C1DBD3 /* Assets.xcassets */,
				A859BE501D02117E00C1DBD3 /* LaunchScreen.storyboard */,
				A859BE531D02117E00C1DBD3 /* Info.plist */,
				A859BE4B1D02117E00C1DBD3 /* BSD.xcdatamodeld */,
			);
			path = BSD;
			sourceTree = "<group>";
		};
		A859BE5B1D02117E00C1DBD3 /* BSDTests */ = {
			isa = PBXGroup;
			children = (
				A859BE5C1D02117E00C1DBD3 /* BSDTests.swift */,
				A859BE5E1D02117E00C1DBD3 /* Info.plist */,
			);
			path = BSDTests;
			sourceTree = "<group>";
		};
		A859BE661D02117E00C1DBD3 /* BSDUITests */ = {
			isa = PBXGroup;
			children = (
				A859BE671D02117E00C1DBD3 /* BSDUITests.swift */,
				A859BE691D02117E00C1DBD3 /* Info.plist */,
			);
			path = BSDUITests;
			sourceTree = "<group>";
		};
/* End PBXGroup section */

/* Begin PBXNativeTarget section */
		A859BE401D02117E00C1DBD3 /* BSD */ = {
			isa = PBXNativeTarget;
			buildConfigurationList = A859BE6C1D02117E00C1DBD3 /* Build configuration list for PBXNativeTarget "BSD" */;
			buildPhases = (
				A859BE3D1D02117E00C1DBD3 /* Sources */,
				A859BE3E1D02117E00C1DBD3 /* Frameworks */,
				A859BE3F1D02117E00C1DBD3 /* Resources */,
			);
			buildRules = (
			);
			dependencies = (
			);
			name = BSD;
			productName = BSD;
			productReference = A859BE411D02117E00C1DBD3 /* BSD.app */;
			productType = "com.apple.product-type.application";
		};
		A859BE571D02117E00C1DBD3 /* BSDTests */ = {
			isa = PBXNativeTarget;
			buildConfigurationList = A859BE6F1D02117E00C1DBD3 /* Build configuration list for PBXNativeTarget "BSDTests" */;
			buildPhases = (
				A859BE541D02117E00C1DBD3 /* Sources */,
				A859BE551D02117E00C1DBD3 /* Frameworks */,
				A859BE561D02117E00C1DBD3 /* Resources */,
			);
			buildRules = (
			);
			dependencies = (
				A859BE5A1D02117E00C1DBD3 /* PBXTargetDependency */,
			);
			name = BSDTests;
			productName = BSDTests;
			productReference = A859BE581D02117E00C1DBD3 /* BSDTests.xctest */;
			productType = "com.apple.product-type.bundle.unit-test";
		};
		A859BE621D02117E00C1DBD3 /* BSDUITests */ = {
			isa = PBXNativeTarget;
			buildConfigurationList = A859BE721D02117E00C1DBD3 /* Build configuration list for PBXNativeTarget "BSDUITests" */;
			buildPhases = (
				A859BE5F1D02117E00C1DBD3 /* Sources */,
				A859BE601D02117E00C1DBD3 /* Frameworks */,
				A859BE611D02117E00C1DBD3 /* Resources */,
			);
			buildRules = (
			);
			dependencies = (
				A859BE651D02117E00C1DBD3 /* PBXTargetDependency */,
			);
			name = BSDUITests;
			productName = BSDUITests;
			productReference = A859BE631D02117E00C1DBD3 /* BSDUITests.xctest */;
			productType = "com.apple.product-type.bundle.ui-testing";
		};
/* End PBXNativeTarget section */

/* Begin PBXProject section */
		A859BE391D02117E00C1DBD3 /* Project object */ = {
			isa = PBXProject;
			attributes = {
				LastSwiftUpdateCheck = 0730;
				LastUpgradeCheck = 0730;
				ORGANIZATIONNAME = WCM;
				TargetAttributes = {
					A859BE401D02117E00C1DBD3 = {
						CreatedOnToolsVersion = 7.3.1;
					};
					A859BE571D02117E00C1DBD3 = {
						CreatedOnToolsVersion = 7.3.1;
						TestTargetID = A859BE401D02117E00C1DBD3;
					};
					A859BE621D02117E00C1DBD3 = {
						CreatedOnToolsVersion = 7.3.1;
						TestTargetID = A859BE401D02117E00C1DBD3;
					};
				};
			};
			buildConfigurationList = A859BE3C1D02117E00C1DBD3 /* Build configuration list for PBXProject "BSD" */;
			compatibilityVersion = "Xcode 3.2";
			developmentRegion = English;
			hasScannedForEncodings = 0;
			knownRegions = (
				en,
				Base,
			);
			mainGroup = A859BE381D02117E00C1DBD3;
			productRefGroup = A859BE421D02117E00C1DBD3 /* Products */;
			projectDirPath = "";
			projectRoot = "";
			targets = (
				A859BE401D02117E00C1DBD3 /* BSD */,
				A859BE571D02117E00C1DBD3 /* BSDTests */,
				A859BE621D02117E00C1DBD3 /* BSDUITests */,
			);
		};
/* End PBXProject section */

/* Begin PBXResourcesBuildPhase section */
		A859BE3F1D02117E00C1DBD3 /* Resources */ = {
			isa = PBXResourcesBuildPhase;
			buildActionMask = 2147483647;
			files = (
				A859BE521D02117E00C1DBD3 /* LaunchScreen.storyboard in Resources */,
				A859BE4F1D02117E00C1DBD3 /* Assets.xcassets in Resources */,
				A859BE4A1D02117E00C1DBD3 /* Main.storyboard in Resources */,
			);
			runOnlyForDeploymentPostprocessing = 0;
		};
		A859BE561D02117E00C1DBD3 /* Resources */ = {
			isa = PBXResourcesBuildPhase;
			buildActionMask = 2147483647;
			files = (
			);
			runOnlyForDeploymentPostprocessing = 0;
		};
		A859BE611D02117E00C1DBD3 /* Resources */ = {
			isa = PBXResourcesBuildPhase;
			buildActionMask = 2147483647;
			files = (
			);
			runOnlyForDeploymentPostprocessing = 0;
		};
/* End PBXResourcesBuildPhase section */

/* Begin PBXSourcesBuildPhase section */
		A859BE3D1D02117E00C1DBD3 /* Sources */ = {
			isa = PBXSourcesBuildPhase;
			buildActionMask = 2147483647;
			files = (
				A859BE471D02117E00C1DBD3 /* ViewController.swift in Sources */,
				A859BE451D02117E00C1DBD3 /* AppDelegate.swift in Sources */,
				A859BE4D1D02117E00C1DBD3 /* BSD.xcdatamodeld in Sources */,
			);
			runOnlyForDeploymentPostprocessing = 0;
		};
		A859BE541D02117E00C1DBD3 /* Sources */ = {
			isa = PBXSourcesBuildPhase;
			buildActionMask = 2147483647;
			files = (
				A859BE5D1D02117E00C1DBD3 /* BSDTests.swift in Sources */,
			);
			runOnlyForDeploymentPostprocessing = 0;
		};
		A859BE5F1D02117E00C1DBD3 /* Sources */ = {
			isa = PBXSourcesBuildPhase;
			buildActionMask = 2147483647;
			files = (
				A859BE681D02117E00C1DBD3 /* BSDUITests.swift in Sources */,
			);
			runOnlyForDeploymentPostprocessing = 0;
		};
/* End PBXSourcesBuildPhase section */

/* Begin PBXTargetDependency section */
		A859BE5A1D02117E00C1DBD3 /* PBXTargetDependency */ = {
			isa = PBXTargetDependency;
			target = A859BE401D02117E00C1DBD3 /* BSD */;
			targetProxy = A859BE591D02117E00C1DBD3 /* PBXContainerItemProxy */;
		};
		A859BE651D02117E00C1DBD3 /* PBXTargetDependency */ = {
			isa = PBXTargetDependency;
			target = A859BE401D02117E00C1DBD3 /* BSD */;
			targetProxy = A859BE641D02117E00C1DBD3 /* PBXContainerItemProxy */;
		};
/* End PBXTargetDependency section */

/* Begin PBXVariantGroup section */
		A859BE481D02117E00C1DBD3 /* Main.storyboard */ = {
			isa = PBXVariantGroup;
			children = (
				A859BE491D02117E00C1DBD3 /* Base */,
			);
			name = Main.storyboard;
			sourceTree = "<group>";
		};
		A859BE501D02117E00C1DBD3 /* LaunchScreen.storyboard */ = {
			isa = PBXVariantGroup;
			children = (
				A859BE511D02117E00C1DBD3 /* Base */,
			);
			name = LaunchScreen.storyboard;
			sourceTree = "<group>";
		};
/* End PBXVariantGroup section */

/* Begin XCBuildConfiguration section */
		A859BE6A1D02117E00C1DBD3 /* Debug */ = {
			isa = XCBuildConfiguration;
			buildSettings = {
				ALWAYS_SEARCH_USER_PATHS = NO;
				CLANG_ANALYZER_NONNULL = YES;
				CLANG_CXX_LANGUAGE_STANDARD = "gnu++0x";
				CLANG_CXX_LIBRARY = "libc++";
				CLANG_ENABLE_MODULES = YES;
				CLANG_ENABLE_OBJC_ARC = YES;
				CLANG_WARN_BOOL_CONVERSION = YES;
				CLANG_WARN_CONSTANT_CONVERSION = YES;
				CLANG_WARN_DIRECT_OBJC_ISA_USAGE = YES_ERROR;
				CLANG_WARN_EMPTY_BODY = YES;
				CLANG_WARN_ENUM_CONVERSION = YES;
				CLANG_WARN_INT_CONVERSION = YES;
				CLANG_WARN_OBJC_ROOT_CLASS = YES_ERROR;
				CLANG_WARN_UNREACHABLE_CODE = YES;
				CLANG_WARN__DUPLICATE_METHOD_MATCH = YES;
				"CODE_SIGN_IDENTITY[sdk=iphoneos*]" = "iPhone Developer";
				COPY_PHASE_STRIP = NO;
				DEBUG_INFORMATION_FORMAT = dwarf;
				ENABLE_STRICT_OBJC_MSGSEND = YES;
				ENABLE_TESTABILITY = YES;
				GCC_C_LANGUAGE_STANDARD = gnu99;
				GCC_DYNAMIC_NO_PIC = NO;
				GCC_NO_COMMON_BLOCKS = YES;
				GCC_OPTIMIZATION_LEVEL = 0;
				GCC_PREPROCESSOR_DEFINITIONS = (
					"DEBUG=1",
					"$(inherited)",
				);
				GCC_WARN_64_TO_32_BIT_CONVERSION = YES;
				GCC_WARN_ABOUT_RETURN_TYPE = YES_ERROR;
				GCC_WARN_UNDECLARED_SELECTOR = YES;
				GCC_WARN_UNINITIALIZED_AUTOS = YES_AGGRESSIVE;
				GCC_WARN_UNUSED_FUNCTION = YES;
				GCC_WARN_UNUSED_VARIABLE = YES;
				IPHONEOS_DEPLOYMENT_TARGET = 9.3;
				MTL_ENABLE_DEBUG_INFO = YES;
				ONLY_ACTIVE_ARCH = YES;
				SDKROOT = iphoneos;
				SWIFT_OPTIMIZATION_LEVEL = "-Onone";
				TARGETED_DEVICE_FAMILY = "1,2";
			};
			name = Debug;
		};
		A859BE6B1D02117E00C1DBD3 /* Release */ = {
			isa = XCBuildConfiguration;
			buildSettings = {
				ALWAYS_SEARCH_USER_PATHS = NO;
				CLANG_ANALYZER_NONNULL = YES;
				CLANG_CXX_LANGUAGE_STANDARD = "gnu++0x";
				CLANG_CXX_LIBRARY = "libc++";
				CLANG_ENABLE_MODULES = YES;
				CLANG_ENABLE_OBJC_ARC = YES;
				CLANG_WARN_BOOL_CONVERSION = YES;
				CLANG_WARN_CONSTANT_CONVERSION = YES;
				CLANG_WARN_DIRECT_OBJC_ISA_USAGE = YES_ERROR;
				CLANG_WARN_EMPTY_BODY = YES;
				CLANG_WARN_ENUM_CONVERSION = YES;
				CLANG_WARN_INT_CONVERSION = YES;
				CLANG_WARN_OBJC_ROOT_CLASS = YES_ERROR;
				CLANG_WARN_UNREACHABLE_CODE = YES;
				CLANG_WARN__DUPLICATE_METHOD_MATCH = YES;
				"CODE_SIGN_IDENTITY[sdk=iphoneos*]" = "iPhone Developer";
				COPY_PHASE_STRIP = NO;
				DEBUG_INFORMATION_FORMAT = "dwarf-with-dsym";
				ENABLE_NS_ASSERTIONS = NO;
				ENABLE_STRICT_OBJC_MSGSEND = YES;
				GCC_C_LANGUAGE_STANDARD = gnu99;
				GCC_NO_COMMON_BLOCKS = YES;
				GCC_WARN_64_TO_32_BIT_CONVERSION = YES;
				GCC_WARN_ABOUT_RETURN_TYPE = YES_ERROR;
				GCC_WARN_UNDECLARED_SELECTOR = YES;
				GCC_WARN_UNINITIALIZED_AUTOS = YES_AGGRESSIVE;
				GCC_WARN_UNUSED_FUNCTION = YES;
				GCC_WARN_UNUSED_VARIABLE = YES;
				IPHONEOS_DEPLOYMENT_TARGET = 9.3;
				MTL_ENABLE_DEBUG_INFO = NO;
				SDKROOT = iphoneos;
				TARGETED_DEVICE_FAMILY = "1,2";
				VALIDATE_PRODUCT = YES;
			};
			name = Release;
		};
		A859BE6D1D02117E00C1DBD3 /* Debug */ = {
			isa = XCBuildConfiguration;
			buildSettings = {
				ASSETCATALOG_COMPILER_APPICON_NAME = AppIcon;
				INFOPLIST_FILE = BSD/Info.plist;
				LD_RUNPATH_SEARCH_PATHS = "$(inherited) @executable_path/Frameworks";
				PRODUCT_BUNDLE_IDENTIFIER = com.wcmcits.BSD;
				PRODUCT_NAME = "$(TARGET_NAME)";
			};
			name = Debug;
		};
		A859BE6E1D02117E00C1DBD3 /* Release */ = {
			isa = XCBuildConfiguration;
			buildSettings = {
				ASSETCATALOG_COMPILER_APPICON_NAME = AppIcon;
				INFOPLIST_FILE = BSD/Info.plist;
				LD_RUNPATH_SEARCH_PATHS = "$(inherited) @executable_path/Frameworks";
				PRODUCT_BUNDLE_IDENTIFIER = com.wcmcits.BSD;
				PRODUCT_NAME = "$(TARGET_NAME)";
			};
			name = Release;
		};
		A859BE701D02117E00C1DBD3 /* Debug */ = {
			isa = XCBuildConfiguration;
			buildSettings = {
				BUNDLE_LOADER = "$(TEST_HOST)";
				INFOPLIST_FILE = BSDTests/Info.plist;
				LD_RUNPATH_SEARCH_PATHS = "$(inherited) @executable_path/Frameworks @loader_path/Frameworks";
				PRODUCT_BUNDLE_IDENTIFIER = com.wcmcits.BSDTests;
				PRODUCT_NAME = "$(TARGET_NAME)";
				TEST_HOST = "$(BUILT_PRODUCTS_DIR)/BSD.app/BSD";
			};
			name = Debug;
		};
		A859BE711D02117E00C1DBD3 /* Release */ = {
			isa = XCBuildConfiguration;
			buildSettings = {
				BUNDLE_LOADER = "$(TEST_HOST)";
				INFOPLIST_FILE = BSDTests/Info.plist;
				LD_RUNPATH_SEARCH_PATHS = "$(inherited) @executable_path/Frameworks @loader_path/Frameworks";
				PRODUCT_BUNDLE_IDENTIFIER = com.wcmcits.BSDTests;
				PRODUCT_NAME = "$(TARGET_NAME)";
				TEST_HOST = "$(BUILT_PRODUCTS_DIR)/BSD.app/BSD";
			};
			name = Release;
		};
		A859BE731D02117E00C1DBD3 /* Debug */ = {
			isa = XCBuildConfiguration;
			buildSettings = {
				INFOPLIST_FILE = BSDUITests/Info.plist;
				LD_RUNPATH_SEARCH_PATHS = "$(inherited) @executable_path/Frameworks @loader_path/Frameworks";
				PRODUCT_BUNDLE_IDENTIFIER = com.wcmcits.BSDUITests;
				PRODUCT_NAME = "$(TARGET_NAME)";
				TEST_TARGET_NAME = BSD;
			};
			name = Debug;
		};
		A859BE741D02117E00C1DBD3 /* Release */ = {
			isa = XCBuildConfiguration;
			buildSettings = {
				INFOPLIST_FILE = BSDUITests/Info.plist;
				LD_RUNPATH_SEARCH_PATHS = "$(inherited) @executable_path/Frameworks @loader_path/Frameworks";
				PRODUCT_BUNDLE_IDENTIFIER = com.wcmcits.BSDUITests;
				PRODUCT_NAME = "$(TARGET_NAME)";
				TEST_TARGET_NAME = BSD;
			};
			name = Release;
		};
/* End XCBuildConfiguration section */

/* Begin XCConfigurationList section */
		A859BE3C1D02117E00C1DBD3 /* Build configuration list for PBXProject "BSD" */ = {
			isa = XCConfigurationList;
			buildConfigurations = (
				A859BE6A1D02117E00C1DBD3 /* Debug */,
				A859BE6B1D02117E00C1DBD3 /* Release */,
			);
			defaultConfigurationIsVisible = 0;
			defaultConfigurationName = Release;
		};
		A859BE6C1D02117E00C1DBD3 /* Build configuration list for PBXNativeTarget "BSD" */ = {
			isa = XCConfigurationList;
			buildConfigurations = (
				A859BE6D1D02117E00C1DBD3 /* Debug */,
				A859BE6E1D02117E00C1DBD3 /* Release */,
			);
			defaultConfigurationIsVisible = 0;
		};
		A859BE6F1D02117E00C1DBD3 /* Build configuration list for PBXNativeTarget "BSDTests" */ = {
			isa = XCConfigurationList;
			buildConfigurations = (
				A859BE701D02117E00C1DBD3 /* Debug */,
				A859BE711D02117E00C1DBD3 /* Release */,
			);
			defaultConfigurationIsVisible = 0;
		};
		A859BE721D02117E00C1DBD3 /* Build configuration list for PBXNativeTarget "BSDUITests" */ = {
			isa = XCConfigurationList;
			buildConfigurations = (
				A859BE731D02117E00C1DBD3 /* Debug */,
				A859BE741D02117E00C1DBD3 /* Release */,
			);
			defaultConfigurationIsVisible = 0;
		};
/* End XCConfigurationList section */

/* Begin XCVersionGroup section */
		A859BE4B1D02117E00C1DBD3 /* BSD.xcdatamodeld */ = {
			isa = XCVersionGroup;
			children = (
				A859BE4C1D02117E00C1DBD3 /* BSD.xcdatamodel */,
			);
			currentVersion = A859BE4C1D02117E00C1DBD3 /* BSD.xcdatamodel */;
			path = BSD.xcdatamodeld;
			sourceTree = "<group>";
			versionGroupType = wrapper.xcdatamodel;
		};
/* End XCVersionGroup section */
	};
	rootObject = A859BE391D02117E00C1DBD3 /* Project object */;
}
