// !$*UTF8*$!
{
	archiveVersion = 1;
	classes = {
	};
	objectVersion = 46;
	objects = {

/* Begin PBXBuildFile section */
		577435021D0F95AA00980850 /* YourRiskViewController.swift in Sources */ = {isa = PBXBuildFile; fileRef = 577435011D0F95AA00980850 /* YourRiskViewController.swift */; };
		577435041D0F999500980850 /* ScreeningViewController.swift in Sources */ = {isa = PBXBuildFile; fileRef = 577435031D0F999500980850 /* ScreeningViewController.swift */; };
		577435061D0F99E000980850 /* ValuesViewController.swift in Sources */ = {isa = PBXBuildFile; fileRef = 577435051D0F99E000980850 /* ValuesViewController.swift */; };
		577435081D0F9CDF00980850 /* SummaryViewController.swift in Sources */ = {isa = PBXBuildFile; fileRef = 577435071D0F9CDF00980850 /* SummaryViewController.swift */; };
		57D32CEF1D074B2B00AC0FA2 /* IntroSlidesViewController.swift in Sources */ = {isa = PBXBuildFile; fileRef = 57D32CEE1D074B2B00AC0FA2 /* IntroSlidesViewController.swift */; };
		9152DF96F75BAE50F974FB4C /* Pods_BSDUITests.framework in Frameworks */ = {isa = PBXBuildFile; fileRef = A722273229EC9686F857022C /* Pods_BSDUITests.framework */; };
		A802A0731D05CB8100F663FA /* IntroViewController.swift in Sources */ = {isa = PBXBuildFile; fileRef = A802A0721D05CB8100F663FA /* IntroViewController.swift */; };
		A859BE451D02117E00C1DBD3 /* AppDelegate.swift in Sources */ = {isa = PBXBuildFile; fileRef = A859BE441D02117E00C1DBD3 /* AppDelegate.swift */; };
		A859BE4A1D02117E00C1DBD3 /* Main.storyboard in Resources */ = {isa = PBXBuildFile; fileRef = A859BE481D02117E00C1DBD3 /* Main.storyboard */; };
		A859BE4D1D02117E00C1DBD3 /* BSD.xcdatamodeld in Sources */ = {isa = PBXBuildFile; fileRef = A859BE4B1D02117E00C1DBD3 /* BSD.xcdatamodeld */; };
		A859BE4F1D02117E00C1DBD3 /* Assets.xcassets in Resources */ = {isa = PBXBuildFile; fileRef = A859BE4E1D02117E00C1DBD3 /* Assets.xcassets */; };
		A859BE521D02117E00C1DBD3 /* LaunchScreen.storyboard in Resources */ = {isa = PBXBuildFile; fileRef = A859BE501D02117E00C1DBD3 /* LaunchScreen.storyboard */; };
		A859BE5D1D02117E00C1DBD3 /* BSDTests.swift in Sources */ = {isa = PBXBuildFile; fileRef = A859BE5C1D02117E00C1DBD3 /* BSDTests.swift */; };
		A859BE681D02117E00C1DBD3 /* BSDUITests.swift in Sources */ = {isa = PBXBuildFile; fileRef = A859BE671D02117E00C1DBD3 /* BSDUITests.swift */; };
		A86BE8931D0870EB007461E6 /* HealthDataStep.swift in Sources */ = {isa = PBXBuildFile; fileRef = A86BE8921D0870EB007461E6 /* HealthDataStep.swift */; };
		A86BE8951D0870FD007461E6 /* ConsentDocument.swift in Sources */ = {isa = PBXBuildFile; fileRef = A86BE8941D0870FD007461E6 /* ConsentDocument.swift */; };
		A86BE8BD1D08B60F007461E6 /* Settings.swift in Sources */ = {isa = PBXBuildFile; fileRef = A86BE8BC1D08B60F007461E6 /* Settings.swift */; };
		DEA1E88AE501F33B5675A9DA /* Pods_BSD.framework in Frameworks */ = {isa = PBXBuildFile; fileRef = 23C8B95A4824AF82461A49C9 /* Pods_BSD.framework */; };
		FDA3AD2BA5C32795643F201A /* Pods_BSDTests.framework in Frameworks */ = {isa = PBXBuildFile; fileRef = 6103AA771E757FE09E209D94 /* Pods_BSDTests.framework */; };
/* End PBXBuildFile section */

/* Begin PBXContainerItemProxy section */
		A859BE591D02117E00C1DBD3 /* PBXContainerItemProxy */ = {
			isa = PBXContainerItemProxy;
			containerPortal = A859BE391D02117E00C1DBD3 /* Project object */;
			proxyType = 1;
			remoteGlobalIDString = A859BE401D02117E00C1DBD3;
			remoteInfo = BSD;
		};
		A859BE641D02117E00C1DBD3 /* PBXContainerItemProxy */ = {
			isa = PBXContainerItemProxy;
			containerPortal = A859BE391D02117E00C1DBD3 /* Project object */;
			proxyType = 1;
			remoteGlobalIDString = A859BE401D02117E00C1DBD3;
			remoteInfo = BSD;
		};
/* End PBXContainerItemProxy section */

/* Begin PBXFileReference section */
		19B4571CE7BF2C54D41B87CA /* Pods-BSDTests.release.xcconfig */ = {isa = PBXFileReference; includeInIndex = 1; lastKnownFileType = text.xcconfig; name = "Pods-BSDTests.release.xcconfig"; path = "Pods/Target Support Files/Pods-BSDTests/Pods-BSDTests.release.xcconfig"; sourceTree = "<group>"; };
		23C8B95A4824AF82461A49C9 /* Pods_BSD.framework */ = {isa = PBXFileReference; explicitFileType = wrapper.framework; includeInIndex = 0; path = Pods_BSD.framework; sourceTree = BUILT_PRODUCTS_DIR; };
		2BA984942842EF8B11835842 /* Pods-BSDUITests.debug.xcconfig */ = {isa = PBXFileReference; includeInIndex = 1; lastKnownFileType = text.xcconfig; name = "Pods-BSDUITests.debug.xcconfig"; path = "Pods/Target Support Files/Pods-BSDUITests/Pods-BSDUITests.debug.xcconfig"; sourceTree = "<group>"; };
		577435011D0F95AA00980850 /* YourRiskViewController.swift */ = {isa = PBXFileReference; fileEncoding = 4; lastKnownFileType = sourcecode.swift; path = YourRiskViewController.swift; sourceTree = "<group>"; };
		577435031D0F999500980850 /* ScreeningViewController.swift */ = {isa = PBXFileReference; fileEncoding = 4; lastKnownFileType = sourcecode.swift; path = ScreeningViewController.swift; sourceTree = "<group>"; };
		577435051D0F99E000980850 /* ValuesViewController.swift */ = {isa = PBXFileReference; fileEncoding = 4; lastKnownFileType = sourcecode.swift; path = ValuesViewController.swift; sourceTree = "<group>"; };
		577435071D0F9CDF00980850 /* SummaryViewController.swift */ = {isa = PBXFileReference; fileEncoding = 4; lastKnownFileType = sourcecode.swift; path = SummaryViewController.swift; sourceTree = "<group>"; };
		57D32CEE1D074B2B00AC0FA2 /* IntroSlidesViewController.swift */ = {isa = PBXFileReference; fileEncoding = 4; lastKnownFileType = sourcecode.swift; path = IntroSlidesViewController.swift; sourceTree = "<group>"; };
		6103AA771E757FE09E209D94 /* Pods_BSDTests.framework */ = {isa = PBXFileReference; explicitFileType = wrapper.framework; includeInIndex = 0; path = Pods_BSDTests.framework; sourceTree = BUILT_PRODUCTS_DIR; };
		6BC192845FEB0C0A34B47715 /* Pods-BSD.release.xcconfig */ = {isa = PBXFileReference; includeInIndex = 1; lastKnownFileType = text.xcconfig; name = "Pods-BSD.release.xcconfig"; path = "Pods/Target Support Files/Pods-BSD/Pods-BSD.release.xcconfig"; sourceTree = "<group>"; };
		7F742A27E223B5FA29A51CD3 /* Pods-BSDUITests.release.xcconfig */ = {isa = PBXFileReference; includeInIndex = 1; lastKnownFileType = text.xcconfig; name = "Pods-BSDUITests.release.xcconfig"; path = "Pods/Target Support Files/Pods-BSDUITests/Pods-BSDUITests.release.xcconfig"; sourceTree = "<group>"; };
		9CE306B2EB9060DD85ED762E /* Pods-BSDTests.debug.xcconfig */ = {isa = PBXFileReference; includeInIndex = 1; lastKnownFileType = text.xcconfig; name = "Pods-BSDTests.debug.xcconfig"; path = "Pods/Target Support Files/Pods-BSDTests/Pods-BSDTests.debug.xcconfig"; sourceTree = "<group>"; };
		A722273229EC9686F857022C /* Pods_BSDUITests.framework */ = {isa = PBXFileReference; explicitFileType = wrapper.framework; includeInIndex = 0; path = Pods_BSDUITests.framework; sourceTree = BUILT_PRODUCTS_DIR; };
		A802A06C1D02141C00F663FA /* ResearchKit-Bridging-Header.h */ = {isa = PBXFileReference; lastKnownFileType = sourcecode.c.h; path = "ResearchKit-Bridging-Header.h"; sourceTree = "<group>"; };
		A802A0721D05CB8100F663FA /* IntroViewController.swift */ = {isa = PBXFileReference; fileEncoding = 4; lastKnownFileType = sourcecode.swift; path = IntroViewController.swift; sourceTree = "<group>"; };
		A859BE411D02117E00C1DBD3 /* BSD.app */ = {isa = PBXFileReference; explicitFileType = wrapper.application; includeInIndex = 0; path = BSD.app; sourceTree = BUILT_PRODUCTS_DIR; };
		A859BE441D02117E00C1DBD3 /* AppDelegate.swift */ = {isa = PBXFileReference; lastKnownFileType = sourcecode.swift; path = AppDelegate.swift; sourceTree = "<group>"; };
		A859BE491D02117E00C1DBD3 /* Base */ = {isa = PBXFileReference; lastKnownFileType = file.storyboard; name = Base; path = Base.lproj/Main.storyboard; sourceTree = "<group>"; };
		A859BE4C1D02117E00C1DBD3 /* BSD.xcdatamodel */ = {isa = PBXFileReference; lastKnownFileType = wrapper.xcdatamodel; path = BSD.xcdatamodel; sourceTree = "<group>"; };
		A859BE4E1D02117E00C1DBD3 /* Assets.xcassets */ = {isa = PBXFileReference; lastKnownFileType = folder.assetcatalog; path = Assets.xcassets; sourceTree = "<group>"; };
		A859BE511D02117E00C1DBD3 /* Base */ = {isa = PBXFileReference; lastKnownFileType = file.storyboard; name = Base; path = Base.lproj/LaunchScreen.storyboard; sourceTree = "<group>"; };
		A859BE531D02117E00C1DBD3 /* Info.plist */ = {isa = PBXFileReference; lastKnownFileType = text.plist.xml; path = Info.plist; sourceTree = "<group>"; };
		A859BE581D02117E00C1DBD3 /* BSDTests.xctest */ = {isa = PBXFileReference; explicitFileType = wrapper.cfbundle; includeInIndex = 0; path = BSDTests.xctest; sourceTree = BUILT_PRODUCTS_DIR; };
		A859BE5C1D02117E00C1DBD3 /* BSDTests.swift */ = {isa = PBXFileReference; lastKnownFileType = sourcecode.swift; path = BSDTests.swift; sourceTree = "<group>"; };
		A859BE5E1D02117E00C1DBD3 /* Info.plist */ = {isa = PBXFileReference; lastKnownFileType = text.plist.xml; path = Info.plist; sourceTree = "<group>"; };
		A859BE631D02117E00C1DBD3 /* BSDUITests.xctest */ = {isa = PBXFileReference; explicitFileType = wrapper.cfbundle; includeInIndex = 0; path = BSDUITests.xctest; sourceTree = BUILT_PRODUCTS_DIR; };
		A859BE671D02117E00C1DBD3 /* BSDUITests.swift */ = {isa = PBXFileReference; lastKnownFileType = sourcecode.swift; path = BSDUITests.swift; sourceTree = "<group>"; };
		A859BE691D02117E00C1DBD3 /* Info.plist */ = {isa = PBXFileReference; lastKnownFileType = text.plist.xml; path = Info.plist; sourceTree = "<group>"; };
		A86BE8921D0870EB007461E6 /* HealthDataStep.swift */ = {isa = PBXFileReference; fileEncoding = 4; lastKnownFileType = sourcecode.swift; path = HealthDataStep.swift; sourceTree = "<group>"; };
		A86BE8941D0870FD007461E6 /* ConsentDocument.swift */ = {isa = PBXFileReference; fileEncoding = 4; lastKnownFileType = sourcecode.swift; path = ConsentDocument.swift; sourceTree = "<group>"; };
		A86BE8BC1D08B60F007461E6 /* Settings.swift */ = {isa = PBXFileReference; fileEncoding = 4; lastKnownFileType = sourcecode.swift; path = Settings.swift; sourceTree = "<group>"; };
		BEFDC44D71F92DA9476BB4B8 /* Pods-BSD.debug.xcconfig */ = {isa = PBXFileReference; includeInIndex = 1; lastKnownFileType = text.xcconfig; name = "Pods-BSD.debug.xcconfig"; path = "Pods/Target Support Files/Pods-BSD/Pods-BSD.debug.xcconfig"; sourceTree = "<group>"; };
/* End PBXFileReference section */

/* Begin PBXFrameworksBuildPhase section */
		A859BE3E1D02117E00C1DBD3 /* Frameworks */ = {
			isa = PBXFrameworksBuildPhase;
			buildActionMask = 2147483647;
			files = (
				DEA1E88AE501F33B5675A9DA /* Pods_BSD.framework in Frameworks */,
			);
			runOnlyForDeploymentPostprocessing = 0;
		};
		A859BE551D02117E00C1DBD3 /* Frameworks */ = {
			isa = PBXFrameworksBuildPhase;
			buildActionMask = 2147483647;
			files = (
				FDA3AD2BA5C32795643F201A /* Pods_BSDTests.framework in Frameworks */,
			);
			runOnlyForDeploymentPostprocessing = 0;
		};
		A859BE601D02117E00C1DBD3 /* Frameworks */ = {
			isa = PBXFrameworksBuildPhase;
			buildActionMask = 2147483647;
			files = (
				9152DF96F75BAE50F974FB4C /* Pods_BSDUITests.framework in Frameworks */,
			);
			runOnlyForDeploymentPostprocessing = 0;
		};
/* End PBXFrameworksBuildPhase section */

/* Begin PBXGroup section */
		35CB242BB3DDE50D61F20AF4 /* Frameworks */ = {
			isa = PBXGroup;
			children = (
				23C8B95A4824AF82461A49C9 /* Pods_BSD.framework */,
				6103AA771E757FE09E209D94 /* Pods_BSDTests.framework */,
				A722273229EC9686F857022C /* Pods_BSDUITests.framework */,
			);
			name = Frameworks;
			sourceTree = "<group>";
		};
		57D32D021D076EB800AC0FA2 /* View */ = {
			isa = PBXGroup;
			children = (
			);
			name = View;
			sourceTree = "<group>";
		};
		A802A06E1D05B09B00F663FA /* Controller */ = {
			isa = PBXGroup;
			children = (
				A802A0721D05CB8100F663FA /* IntroViewController.swift */,
				57D32CEE1D074B2B00AC0FA2 /* IntroSlidesViewController.swift */,
				577435011D0F95AA00980850 /* YourRiskViewController.swift */,
				577435031D0F999500980850 /* ScreeningViewController.swift */,
				577435051D0F99E000980850 /* ValuesViewController.swift */,
				577435071D0F9CDF00980850 /* SummaryViewController.swift */,
			);
			name = Controller;
			sourceTree = "<group>";
		};
		A859BE381D02117E00C1DBD3 = {
			isa = PBXGroup;
			children = (
				A859BE431D02117E00C1DBD3 /* BSD */,
				A859BE5B1D02117E00C1DBD3 /* BSDTests */,
				A859BE661D02117E00C1DBD3 /* BSDUITests */,
				A859BE421D02117E00C1DBD3 /* Products */,
				F0586898499297828CA27535 /* Pods */,
				35CB242BB3DDE50D61F20AF4 /* Frameworks */,
			);
			sourceTree = "<group>";
		};
		A859BE421D02117E00C1DBD3 /* Products */ = {
			isa = PBXGroup;
			children = (
				A859BE411D02117E00C1DBD3 /* BSD.app */,
				A859BE581D02117E00C1DBD3 /* BSDTests.xctest */,
				A859BE631D02117E00C1DBD3 /* BSDUITests.xctest */,
			);
			name = Products;
			sourceTree = "<group>";
		};
		A859BE431D02117E00C1DBD3 /* BSD */ = {
			isa = PBXGroup;
			children = (
				A802A06E1D05B09B00F663FA /* Controller */,
				57D32D021D076EB800AC0FA2 /* View */,
				A86BE8911D0870D0007461E6 /* Steps */,
				A859BE441D02117E00C1DBD3 /* AppDelegate.swift */,
				A86BE8BC1D08B60F007461E6 /* Settings.swift */,
				A859BE481D02117E00C1DBD3 /* Main.storyboard */,
				A859BE4E1D02117E00C1DBD3 /* Assets.xcassets */,
				A859BE501D02117E00C1DBD3 /* LaunchScreen.storyboard */,
				A859BE531D02117E00C1DBD3 /* Info.plist */,
				A859BE4B1D02117E00C1DBD3 /* BSD.xcdatamodeld */,
				A802A06C1D02141C00F663FA /* ResearchKit-Bridging-Header.h */,
			);
			path = BSD;
			sourceTree = "<group>";
		};
		A859BE5B1D02117E00C1DBD3 /* BSDTests */ = {
			isa = PBXGroup;
			children = (
				A859BE5C1D02117E00C1DBD3 /* BSDTests.swift */,
				A859BE5E1D02117E00C1DBD3 /* Info.plist */,
			);
			path = BSDTests;
			sourceTree = "<group>";
		};
		A859BE661D02117E00C1DBD3 /* BSDUITests */ = {
			isa = PBXGroup;
			children = (
				A859BE671D02117E00C1DBD3 /* BSDUITests.swift */,
				A859BE691D02117E00C1DBD3 /* Info.plist */,
			);
			path = BSDUITests;
			sourceTree = "<group>";
		};
		A86BE8911D0870D0007461E6 /* Steps */ = {
			isa = PBXGroup;
			children = (
				A86BE8921D0870EB007461E6 /* HealthDataStep.swift */,
				A86BE8941D0870FD007461E6 /* ConsentDocument.swift */,
			);
			name = Steps;
			sourceTree = "<group>";
		};
		F0586898499297828CA27535 /* Pods */ = {
			isa = PBXGroup;
			children = (
				BEFDC44D71F92DA9476BB4B8 /* Pods-BSD.debug.xcconfig */,
				6BC192845FEB0C0A34B47715 /* Pods-BSD.release.xcconfig */,
				9CE306B2EB9060DD85ED762E /* Pods-BSDTests.debug.xcconfig */,
				19B4571CE7BF2C54D41B87CA /* Pods-BSDTests.release.xcconfig */,
				2BA984942842EF8B11835842 /* Pods-BSDUITests.debug.xcconfig */,
				7F742A27E223B5FA29A51CD3 /* Pods-BSDUITests.release.xcconfig */,
			);
			name = Pods;
			sourceTree = "<group>";
		};
/* End PBXGroup section */

/* Begin PBXNativeTarget section */
		A859BE401D02117E00C1DBD3 /* BSD */ = {
			isa = PBXNativeTarget;
			buildConfigurationList = A859BE6C1D02117E00C1DBD3 /* Build configuration list for PBXNativeTarget "BSD" */;
			buildPhases = (
				07394EB79276835F47DE894F /* [CP] Check Pods Manifest.lock */,
				A859BE3D1D02117E00C1DBD3 /* Sources */,
				A859BE3E1D02117E00C1DBD3 /* Frameworks */,
				A859BE3F1D02117E00C1DBD3 /* Resources */,
				468E2B3CC7AF2A0E8F9F5EAD /* [CP] Embed Pods Frameworks */,
				C0CB4898FC769C7C8827B230 /* [CP] Copy Pods Resources */,
			);
			buildRules = (
			);
			dependencies = (
			);
			name = BSD;
			productName = BSD;
			productReference = A859BE411D02117E00C1DBD3 /* BSD.app */;
			productType = "com.apple.product-type.application";
		};
		A859BE571D02117E00C1DBD3 /* BSDTests */ = {
			isa = PBXNativeTarget;
			buildConfigurationList = A859BE6F1D02117E00C1DBD3 /* Build configuration list for PBXNativeTarget "BSDTests" */;
			buildPhases = (
				5FEBB069963E04ED1265E9FC /* [CP] Check Pods Manifest.lock */,
				A859BE541D02117E00C1DBD3 /* Sources */,
				A859BE551D02117E00C1DBD3 /* Frameworks */,
				A859BE561D02117E00C1DBD3 /* Resources */,
				F017029E2CCA834A2BA592E1 /* [CP] Embed Pods Frameworks */,
				3A55DC519A06077C6E2A81D5 /* [CP] Copy Pods Resources */,
			);
			buildRules = (
			);
			dependencies = (
				A859BE5A1D02117E00C1DBD3 /* PBXTargetDependency */,
			);
			name = BSDTests;
			productName = BSDTests;
			productReference = A859BE581D02117E00C1DBD3 /* BSDTests.xctest */;
			productType = "com.apple.product-type.bundle.unit-test";
		};
		A859BE621D02117E00C1DBD3 /* BSDUITests */ = {
			isa = PBXNativeTarget;
			buildConfigurationList = A859BE721D02117E00C1DBD3 /* Build configuration list for PBXNativeTarget "BSDUITests" */;
			buildPhases = (
				299821560A62E4414F5195B3 /* [CP] Check Pods Manifest.lock */,
				A859BE5F1D02117E00C1DBD3 /* Sources */,
				A859BE601D02117E00C1DBD3 /* Frameworks */,
				A859BE611D02117E00C1DBD3 /* Resources */,
				28C1C46938C9C2305B83E3CE /* [CP] Copy Pods Resources */,
			);
			buildRules = (
			);
			dependencies = (
				A859BE651D02117E00C1DBD3 /* PBXTargetDependency */,
			);
			name = BSDUITests;
			productName = BSDUITests;
			productReference = A859BE631D02117E00C1DBD3 /* BSDUITests.xctest */;
			productType = "com.apple.product-type.bundle.ui-testing";
		};
/* End PBXNativeTarget section */

/* Begin PBXProject section */
		A859BE391D02117E00C1DBD3 /* Project object */ = {
			isa = PBXProject;
			attributes = {
				LastSwiftUpdateCheck = 0730;
				LastUpgradeCheck = 0730;
				ORGANIZATIONNAME = WCM;
				TargetAttributes = {
					A859BE401D02117E00C1DBD3 = {
						CreatedOnToolsVersion = 7.3.1;
					};
					A859BE571D02117E00C1DBD3 = {
						CreatedOnToolsVersion = 7.3.1;
						TestTargetID = A859BE401D02117E00C1DBD3;
					};
					A859BE621D02117E00C1DBD3 = {
						CreatedOnToolsVersion = 7.3.1;
						TestTargetID = A859BE401D02117E00C1DBD3;
					};
				};
			};
			buildConfigurationList = A859BE3C1D02117E00C1DBD3 /* Build configuration list for PBXProject "BSD" */;
			compatibilityVersion = "Xcode 3.2";
			developmentRegion = English;
			hasScannedForEncodings = 0;
			knownRegions = (
				en,
				Base,
			);
			mainGroup = A859BE381D02117E00C1DBD3;
			productRefGroup = A859BE421D02117E00C1DBD3 /* Products */;
			projectDirPath = "";
			projectRoot = "";
			targets = (
				A859BE401D02117E00C1DBD3 /* BSD */,
				A859BE571D02117E00C1DBD3 /* BSDTests */,
				A859BE621D02117E00C1DBD3 /* BSDUITests */,
			);
		};
/* End PBXProject section */

/* Begin PBXResourcesBuildPhase section */
		A859BE3F1D02117E00C1DBD3 /* Resources */ = {
			isa = PBXResourcesBuildPhase;
			buildActionMask = 2147483647;
			files = (
				A859BE521D02117E00C1DBD3 /* LaunchScreen.storyboard in Resources */,
				A859BE4F1D02117E00C1DBD3 /* Assets.xcassets in Resources */,
				A859BE4A1D02117E00C1DBD3 /* Main.storyboard in Resources */,
			);
			runOnlyForDeploymentPostprocessing = 0;
		};
		A859BE561D02117E00C1DBD3 /* Resources */ = {
			isa = PBXResourcesBuildPhase;
			buildActionMask = 2147483647;
			files = (
			);
			runOnlyForDeploymentPostprocessing = 0;
		};
		A859BE611D02117E00C1DBD3 /* Resources */ = {
			isa = PBXResourcesBuildPhase;
			buildActionMask = 2147483647;
			files = (
			);
			runOnlyForDeploymentPostprocessing = 0;
		};
/* End PBXResourcesBuildPhase section */

/* Begin PBXShellScriptBuildPhase section */
		07394EB79276835F47DE894F /* [CP] Check Pods Manifest.lock */ = {
			isa = PBXShellScriptBuildPhase;
			buildActionMask = 2147483647;
			files = (
			);
			inputPaths = (
			);
			name = "[CP] Check Pods Manifest.lock";
			outputPaths = (
			);
			runOnlyForDeploymentPostprocessing = 0;
			shellPath = /bin/sh;
			shellScript = "diff \"${PODS_ROOT}/../Podfile.lock\" \"${PODS_ROOT}/Manifest.lock\" > /dev/null\nif [[ $? != 0 ]] ; then\n    cat << EOM\nerror: The sandbox is not in sync with the Podfile.lock. Run 'pod install' or update your CocoaPods installation.\nEOM\n    exit 1\nfi\n";
			showEnvVarsInLog = 0;
		};
		28C1C46938C9C2305B83E3CE /* [CP] Copy Pods Resources */ = {
			isa = PBXShellScriptBuildPhase;
			buildActionMask = 2147483647;
			files = (
			);
			inputPaths = (
			);
			name = "[CP] Copy Pods Resources";
			outputPaths = (
			);
			runOnlyForDeploymentPostprocessing = 0;
			shellPath = /bin/sh;
			shellScript = "\"${SRCROOT}/Pods/Target Support Files/Pods-BSDUITests/Pods-BSDUITests-resources.sh\"\n";
			showEnvVarsInLog = 0;
		};
		299821560A62E4414F5195B3 /* [CP] Check Pods Manifest.lock */ = {
			isa = PBXShellScriptBuildPhase;
			buildActionMask = 2147483647;
			files = (
			);
			inputPaths = (
			);
			name = "[CP] Check Pods Manifest.lock";
			outputPaths = (
			);
			runOnlyForDeploymentPostprocessing = 0;
			shellPath = /bin/sh;
			shellScript = "diff \"${PODS_ROOT}/../Podfile.lock\" \"${PODS_ROOT}/Manifest.lock\" > /dev/null\nif [[ $? != 0 ]] ; then\n    cat << EOM\nerror: The sandbox is not in sync with the Podfile.lock. Run 'pod install' or update your CocoaPods installation.\nEOM\n    exit 1\nfi\n";
			showEnvVarsInLog = 0;
		};
		3A55DC519A06077C6E2A81D5 /* [CP] Copy Pods Resources */ = {
			isa = PBXShellScriptBuildPhase;
			buildActionMask = 2147483647;
			files = (
			);
			inputPaths = (
			);
			name = "[CP] Copy Pods Resources";
			outputPaths = (
			);
			runOnlyForDeploymentPostprocessing = 0;
			shellPath = /bin/sh;
			shellScript = "\"${SRCROOT}/Pods/Target Support Files/Pods-BSDTests/Pods-BSDTests-resources.sh\"\n";
			showEnvVarsInLog = 0;
		};
		468E2B3CC7AF2A0E8F9F5EAD /* [CP] Embed Pods Frameworks */ = {
			isa = PBXShellScriptBuildPhase;
			buildActionMask = 2147483647;
			files = (
			);
			inputPaths = (
			);
			name = "[CP] Embed Pods Frameworks";
			outputPaths = (
			);
			runOnlyForDeploymentPostprocessing = 0;
			shellPath = /bin/sh;
			shellScript = "\"${SRCROOT}/Pods/Target Support Files/Pods-BSD/Pods-BSD-frameworks.sh\"\n";
			showEnvVarsInLog = 0;
		};
		5FEBB069963E04ED1265E9FC /* [CP] Check Pods Manifest.lock */ = {
			isa = PBXShellScriptBuildPhase;
			buildActionMask = 2147483647;
			files = (
			);
			inputPaths = (
			);
			name = "[CP] Check Pods Manifest.lock";
			outputPaths = (
			);
			runOnlyForDeploymentPostprocessing = 0;
			shellPath = /bin/sh;
			shellScript = "diff \"${PODS_ROOT}/../Podfile.lock\" \"${PODS_ROOT}/Manifest.lock\" > /dev/null\nif [[ $? != 0 ]] ; then\n    cat << EOM\nerror: The sandbox is not in sync with the Podfile.lock. Run 'pod install' or update your CocoaPods installation.\nEOM\n    exit 1\nfi\n";
			showEnvVarsInLog = 0;
		};
		C0CB4898FC769C7C8827B230 /* [CP] Copy Pods Resources */ = {
			isa = PBXShellScriptBuildPhase;
			buildActionMask = 2147483647;
			files = (
			);
			inputPaths = (
			);
			name = "[CP] Copy Pods Resources";
			outputPaths = (
			);
			runOnlyForDeploymentPostprocessing = 0;
			shellPath = /bin/sh;
			shellScript = "\"${SRCROOT}/Pods/Target Support Files/Pods-BSD/Pods-BSD-resources.sh\"\n";
			showEnvVarsInLog = 0;
		};
		F017029E2CCA834A2BA592E1 /* [CP] Embed Pods Frameworks */ = {
			isa = PBXShellScriptBuildPhase;
			buildActionMask = 2147483647;
			files = (
			);
			inputPaths = (
			);
			name = "[CP] Embed Pods Frameworks";
			outputPaths = (
			);
			runOnlyForDeploymentPostprocessing = 0;
			shellPath = /bin/sh;
			shellScript = "\"${SRCROOT}/Pods/Target Support Files/Pods-BSDTests/Pods-BSDTests-frameworks.sh\"\n";
			showEnvVarsInLog = 0;
		};
/* End PBXShellScriptBuildPhase section */

/* Begin PBXSourcesBuildPhase section */
		A859BE3D1D02117E00C1DBD3 /* Sources */ = {
			isa = PBXSourcesBuildPhase;
			buildActionMask = 2147483647;
			files = (
				577435061D0F99E000980850 /* ValuesViewController.swift in Sources */,
				57D32CEF1D074B2B00AC0FA2 /* IntroSlidesViewController.swift in Sources */,
				A86BE8BD1D08B60F007461E6 /* Settings.swift in Sources */,
				A859BE451D02117E00C1DBD3 /* AppDelegate.swift in Sources */,
				577435081D0F9CDF00980850 /* SummaryViewController.swift in Sources */,
				A859BE4D1D02117E00C1DBD3 /* BSD.xcdatamodeld in Sources */,
				577435041D0F999500980850 /* ScreeningViewController.swift in Sources */,
				A802A0731D05CB8100F663FA /* IntroViewController.swift in Sources */,
				A86BE8951D0870FD007461E6 /* ConsentDocument.swift in Sources */,
				577435021D0F95AA00980850 /* YourRiskViewController.swift in Sources */,
				A86BE8931D0870EB007461E6 /* HealthDataStep.swift in Sources */,
			);
			runOnlyForDeploymentPostprocessing = 0;
		};
		A859BE541D02117E00C1DBD3 /* Sources */ = {
			isa = PBXSourcesBuildPhase;
			buildActionMask = 2147483647;
			files = (
				A859BE5D1D02117E00C1DBD3 /* BSDTests.swift in Sources */,
			);
			runOnlyForDeploymentPostprocessing = 0;
		};
		A859BE5F1D02117E00C1DBD3 /* Sources */ = {
			isa = PBXSourcesBuildPhase;
			buildActionMask = 2147483647;
			files = (
				A859BE681D02117E00C1DBD3 /* BSDUITests.swift in Sources */,
			);
			runOnlyForDeploymentPostprocessing = 0;
		};
/* End PBXSourcesBuildPhase section */

/* Begin PBXTargetDependency section */
		A859BE5A1D02117E00C1DBD3 /* PBXTargetDependency */ = {
			isa = PBXTargetDependency;
			target = A859BE401D02117E00C1DBD3 /* BSD */;
			targetProxy = A859BE591D02117E00C1DBD3 /* PBXContainerItemProxy */;
		};
		A859BE651D02117E00C1DBD3 /* PBXTargetDependency */ = {
			isa = PBXTargetDependency;
			target = A859BE401D02117E00C1DBD3 /* BSD */;
			targetProxy = A859BE641D02117E00C1DBD3 /* PBXContainerItemProxy */;
		};
/* End PBXTargetDependency section */

/* Begin PBXVariantGroup section */
		A859BE481D02117E00C1DBD3 /* Main.storyboard */ = {
			isa = PBXVariantGroup;
			children = (
				A859BE491D02117E00C1DBD3 /* Base */,
			);
			name = Main.storyboard;
			sourceTree = "<group>";
		};
		A859BE501D02117E00C1DBD3 /* LaunchScreen.storyboard */ = {
			isa = PBXVariantGroup;
			children = (
				A859BE511D02117E00C1DBD3 /* Base */,
			);
			name = LaunchScreen.storyboard;
			sourceTree = "<group>";
		};
/* End PBXVariantGroup section */

/* Begin XCBuildConfiguration section */
		A859BE6A1D02117E00C1DBD3 /* Debug */ = {
			isa = XCBuildConfiguration;
			buildSettings = {
				ALWAYS_SEARCH_USER_PATHS = NO;
				CLANG_ANALYZER_NONNULL = YES;
				CLANG_CXX_LANGUAGE_STANDARD = "gnu++0x";
				CLANG_CXX_LIBRARY = "libc++";
				CLANG_ENABLE_MODULES = YES;
				CLANG_ENABLE_OBJC_ARC = YES;
				CLANG_WARN_BOOL_CONVERSION = YES;
				CLANG_WARN_CONSTANT_CONVERSION = YES;
				CLANG_WARN_DIRECT_OBJC_ISA_USAGE = YES_ERROR;
				CLANG_WARN_EMPTY_BODY = YES;
				CLANG_WARN_ENUM_CONVERSION = YES;
				CLANG_WARN_INT_CONVERSION = YES;
				CLANG_WARN_OBJC_ROOT_CLASS = YES_ERROR;
				CLANG_WARN_UNREACHABLE_CODE = YES;
				CLANG_WARN__DUPLICATE_METHOD_MATCH = YES;
				"CODE_SIGN_IDENTITY[sdk=iphoneos*]" = "iPhone Developer";
				COPY_PHASE_STRIP = NO;
				DEBUG_INFORMATION_FORMAT = dwarf;
				ENABLE_STRICT_OBJC_MSGSEND = YES;
				ENABLE_TESTABILITY = YES;
				GCC_C_LANGUAGE_STANDARD = gnu99;
				GCC_DYNAMIC_NO_PIC = NO;
				GCC_NO_COMMON_BLOCKS = YES;
				GCC_OPTIMIZATION_LEVEL = 0;
				GCC_PREPROCESSOR_DEFINITIONS = (
					"DEBUG=1",
					"$(inherited)",
				);
				GCC_WARN_64_TO_32_BIT_CONVERSION = YES;
				GCC_WARN_ABOUT_RETURN_TYPE = YES_ERROR;
				GCC_WARN_UNDECLARED_SELECTOR = YES;
				GCC_WARN_UNINITIALIZED_AUTOS = YES_AGGRESSIVE;
				GCC_WARN_UNUSED_FUNCTION = YES;
				GCC_WARN_UNUSED_VARIABLE = YES;
				IPHONEOS_DEPLOYMENT_TARGET = 9.3;
				MTL_ENABLE_DEBUG_INFO = YES;
				ONLY_ACTIVE_ARCH = YES;
				SDKROOT = iphoneos;
				SWIFT_OPTIMIZATION_LEVEL = "-Onone";
				TARGETED_DEVICE_FAMILY = "1,2";
			};
			name = Debug;
		};
		A859BE6B1D02117E00C1DBD3 /* Release */ = {
			isa = XCBuildConfiguration;
			buildSettings = {
				ALWAYS_SEARCH_USER_PATHS = NO;
				CLANG_ANALYZER_NONNULL = YES;
				CLANG_CXX_LANGUAGE_STANDARD = "gnu++0x";
				CLANG_CXX_LIBRARY = "libc++";
				CLANG_ENABLE_MODULES = YES;
				CLANG_ENABLE_OBJC_ARC = YES;
				CLANG_WARN_BOOL_CONVERSION = YES;
				CLANG_WARN_CONSTANT_CONVERSION = YES;
				CLANG_WARN_DIRECT_OBJC_ISA_USAGE = YES_ERROR;
				CLANG_WARN_EMPTY_BODY = YES;
				CLANG_WARN_ENUM_CONVERSION = YES;
				CLANG_WARN_INT_CONVERSION = YES;
				CLANG_WARN_OBJC_ROOT_CLASS = YES_ERROR;
				CLANG_WARN_UNREACHABLE_CODE = YES;
				CLANG_WARN__DUPLICATE_METHOD_MATCH = YES;
				"CODE_SIGN_IDENTITY[sdk=iphoneos*]" = "iPhone Developer";
				COPY_PHASE_STRIP = NO;
				DEBUG_INFORMATION_FORMAT = "dwarf-with-dsym";
				ENABLE_NS_ASSERTIONS = NO;
				ENABLE_STRICT_OBJC_MSGSEND = YES;
				GCC_C_LANGUAGE_STANDARD = gnu99;
				GCC_NO_COMMON_BLOCKS = YES;
				GCC_WARN_64_TO_32_BIT_CONVERSION = YES;
				GCC_WARN_ABOUT_RETURN_TYPE = YES_ERROR;
				GCC_WARN_UNDECLARED_SELECTOR = YES;
				GCC_WARN_UNINITIALIZED_AUTOS = YES_AGGRESSIVE;
				GCC_WARN_UNUSED_FUNCTION = YES;
				GCC_WARN_UNUSED_VARIABLE = YES;
				IPHONEOS_DEPLOYMENT_TARGET = 9.3;
				MTL_ENABLE_DEBUG_INFO = NO;
				SDKROOT = iphoneos;
				TARGETED_DEVICE_FAMILY = "1,2";
				VALIDATE_PRODUCT = YES;
			};
			name = Release;
		};
		A859BE6D1D02117E00C1DBD3 /* Debug */ = {
			isa = XCBuildConfiguration;
			baseConfigurationReference = BEFDC44D71F92DA9476BB4B8 /* Pods-BSD.debug.xcconfig */;
			buildSettings = {
				ASSETCATALOG_COMPILER_APPICON_NAME = AppIcon;
				INFOPLIST_FILE = BSD/Info.plist;
				LD_RUNPATH_SEARCH_PATHS = "$(inherited) @executable_path/Frameworks";
				PRODUCT_BUNDLE_IDENTIFIER = com.wcmcits.BSD;
				PRODUCT_NAME = "$(TARGET_NAME)";
				SWIFT_OBJC_BRIDGING_HEADER = "./BSD/ResearchKit-Bridging-Header.h";
			};
			name = Debug;
		};
		A859BE6E1D02117E00C1DBD3 /* Release */ = {
			isa = XCBuildConfiguration;
			baseConfigurationReference = 6BC192845FEB0C0A34B47715 /* Pods-BSD.release.xcconfig */;
			buildSettings = {
				ASSETCATALOG_COMPILER_APPICON_NAME = AppIcon;
				INFOPLIST_FILE = BSD/Info.plist;
				LD_RUNPATH_SEARCH_PATHS = "$(inherited) @executable_path/Frameworks";
				PRODUCT_BUNDLE_IDENTIFIER = com.wcmcits.BSD;
				PRODUCT_NAME = "$(TARGET_NAME)";
				SWIFT_OBJC_BRIDGING_HEADER = "./BSD/ResearchKit-Bridging-Header.h";
			};
			name = Release;
		};
		A859BE701D02117E00C1DBD3 /* Debug */ = {
			isa = XCBuildConfiguration;
			baseConfigurationReference = 9CE306B2EB9060DD85ED762E /* Pods-BSDTests.debug.xcconfig */;
			buildSettings = {
				BUNDLE_LOADER = "$(TEST_HOST)";
				INFOPLIST_FILE = BSDTests/Info.plist;
				LD_RUNPATH_SEARCH_PATHS = "$(inherited) @executable_path/Frameworks @loader_path/Frameworks";
				PRODUCT_BUNDLE_IDENTIFIER = com.wcmcits.BSDTests;
				PRODUCT_NAME = "$(TARGET_NAME)";
				TEST_HOST = "$(BUILT_PRODUCTS_DIR)/BSD.app/BSD";
			};
			name = Debug;
		};
		A859BE711D02117E00C1DBD3 /* Release */ = {
			isa = XCBuildConfiguration;
			baseConfigurationReference = 19B4571CE7BF2C54D41B87CA /* Pods-BSDTests.release.xcconfig */;
			buildSettings = {
				BUNDLE_LOADER = "$(TEST_HOST)";
				INFOPLIST_FILE = BSDTests/Info.plist;
				LD_RUNPATH_SEARCH_PATHS = "$(inherited) @executable_path/Frameworks @loader_path/Frameworks";
				PRODUCT_BUNDLE_IDENTIFIER = com.wcmcits.BSDTests;
				PRODUCT_NAME = "$(TARGET_NAME)";
				TEST_HOST = "$(BUILT_PRODUCTS_DIR)/BSD.app/BSD";
			};
			name = Release;
		};
		A859BE731D02117E00C1DBD3 /* Debug */ = {
			isa = XCBuildConfiguration;
			baseConfigurationReference = 2BA984942842EF8B11835842 /* Pods-BSDUITests.debug.xcconfig */;
			buildSettings = {
				INFOPLIST_FILE = BSDUITests/Info.plist;
				LD_RUNPATH_SEARCH_PATHS = "$(inherited) @executable_path/Frameworks @loader_path/Frameworks";
				PRODUCT_BUNDLE_IDENTIFIER = com.wcmcits.BSDUITests;
				PRODUCT_NAME = "$(TARGET_NAME)";
				TEST_TARGET_NAME = BSD;
			};
			name = Debug;
		};
		A859BE741D02117E00C1DBD3 /* Release */ = {
			isa = XCBuildConfiguration;
			baseConfigurationReference = 7F742A27E223B5FA29A51CD3 /* Pods-BSDUITests.release.xcconfig */;
			buildSettings = {
				INFOPLIST_FILE = BSDUITests/Info.plist;
				LD_RUNPATH_SEARCH_PATHS = "$(inherited) @executable_path/Frameworks @loader_path/Frameworks";
				PRODUCT_BUNDLE_IDENTIFIER = com.wcmcits.BSDUITests;
				PRODUCT_NAME = "$(TARGET_NAME)";
				TEST_TARGET_NAME = BSD;
			};
			name = Release;
		};
/* End XCBuildConfiguration section */

/* Begin XCConfigurationList section */
		A859BE3C1D02117E00C1DBD3 /* Build configuration list for PBXProject "BSD" */ = {
			isa = XCConfigurationList;
			buildConfigurations = (
				A859BE6A1D02117E00C1DBD3 /* Debug */,
				A859BE6B1D02117E00C1DBD3 /* Release */,
			);
			defaultConfigurationIsVisible = 0;
			defaultConfigurationName = Release;
		};
		A859BE6C1D02117E00C1DBD3 /* Build configuration list for PBXNativeTarget "BSD" */ = {
			isa = XCConfigurationList;
			buildConfigurations = (
				A859BE6D1D02117E00C1DBD3 /* Debug */,
				A859BE6E1D02117E00C1DBD3 /* Release */,
			);
			defaultConfigurationIsVisible = 0;
			defaultConfigurationName = Release;
		};
		A859BE6F1D02117E00C1DBD3 /* Build configuration list for PBXNativeTarget "BSDTests" */ = {
			isa = XCConfigurationList;
			buildConfigurations = (
				A859BE701D02117E00C1DBD3 /* Debug */,
				A859BE711D02117E00C1DBD3 /* Release */,
			);
			defaultConfigurationIsVisible = 0;
			defaultConfigurationName = Release;
		};
		A859BE721D02117E00C1DBD3 /* Build configuration list for PBXNativeTarget "BSDUITests" */ = {
			isa = XCConfigurationList;
			buildConfigurations = (
				A859BE731D02117E00C1DBD3 /* Debug */,
				A859BE741D02117E00C1DBD3 /* Release */,
			);
			defaultConfigurationIsVisible = 0;
			defaultConfigurationName = Release;
		};
/* End XCConfigurationList section */

/* Begin XCVersionGroup section */
		A859BE4B1D02117E00C1DBD3 /* BSD.xcdatamodeld */ = {
			isa = XCVersionGroup;
			children = (
				A859BE4C1D02117E00C1DBD3 /* BSD.xcdatamodel */,
			);
			currentVersion = A859BE4C1D02117E00C1DBD3 /* BSD.xcdatamodel */;
			path = BSD.xcdatamodeld;
			sourceTree = "<group>";
			versionGroupType = wrapper.xcdatamodel;
		};
/* End XCVersionGroup section */
	};
	rootObject = A859BE391D02117E00C1DBD3 /* Project object */;
}
